
Microsoft Visual Studio Solution File, Format Version 12.00
# Visual Studio 2012
Project("{FAE04EC0-301F-11D3-BF4B-00C04F79EFBC}") = "WebSocketBasicDemo.Server", "WebSocketBasicDemo.Server\WebSocketBasicDemo.Server.csproj", "{71B802D4-9609-42A6-A60E-126E32FB00EF}"
EndProject
Project("{FAE04EC0-301F-11D3-BF4B-00C04F79EFBC}") = "WebSocketBasicDemo.Web", "WebSocketBasicDemo.Web\WebSocketBasicDemo.Web.csproj", "{AD78B673-8BB7-4F12-956B-5D6A6F7737D1}"
EndProject
Global
	GlobalSection(SolutionConfigurationPlatforms) = preSolution
		Debug|Any CPU = Debug|Any CPU
		Release|Any CPU = Release|Any CPU
	EndGlobalSection
	GlobalSection(ProjectConfigurationPlatforms) = postSolution
		{71B802D4-9609-42A6-A60E-126E32FB00EF}.Debug|Any CPU.ActiveCfg = Debug|Any CPU
		{71B802D4-9609-42A6-A60E-126E32FB00EF}.Debug|Any CPU.Build.0 = Debug|Any CPU
		{71B802D4-9609-42A6-A60E-126E32FB00EF}.Release|Any CPU.ActiveCfg = Release|Any CPU
		{71B802D4-9609-42A6-A60E-126E32FB00EF}.Release|Any CPU.Build.0 = Release|Any CPU
		{AD78B673-8BB7-4F12-956B-5D6A6F7737D1}.Debug|Any CPU.ActiveCfg = Debug|Any CPU
		{AD78B673-8BB7-4F12-956B-5D6A6F7737D1}.Debug|Any CPU.Build.0 = Debug|Any CPU
		{AD78B673-8BB7-4F12-956B-5D6A6F7737D1}.Release|Any CPU.ActiveCfg = Release|Any CPU
		{AD78B673-8BB7-4F12-956B-5D6A6F7737D1}.Release|Any CPU.Build.0 = Release|Any CPU
	EndGlobalSection
	GlobalSection(SolutionProperties) = preSolution
		HideSolutionNode = FALSE
	EndGlobalSection
EndGlobal
